
Microsoft Visual Studio Solution File, Format Version 12.00
# Visual Studio 2013
VisualStudioVersion = 12.0.30501.0
MinimumVisualStudioVersion = 10.0.40219.1
Project("{FAE04EC0-301F-11D3-BF4B-00C04F79EFBC}") = "LinkedInIntegration", "LinkedInIntegration\LinkedInIntegration.csproj", "{6A8FEA71-CC0B-4394-A46A-E51273B006F0}"
EndProject
Project("{FAE04EC0-301F-11D3-BF4B-00C04F79EFBC}") = "LinkedInIntegration.Tests", "LinkedInIntegration.Tests\LinkedInIntegration.Tests.csproj", "{CC3FC38D-BE53-4ABA-9FFC-BBA767716146}"
EndProject
Project("{FAE04EC0-301F-11D3-BF4B-00C04F79EFBC}") = "LinkedInIntegration.Service", "LinkedInIntegration.Service\LinkedInIntegration.Service.csproj", "{4BCF56B3-142B-4A04-9321-8E27D90BC87A}"
EndProject
Global
	GlobalSection(SolutionConfigurationPlatforms) = preSolution
		Debug|Any CPU = Debug|Any CPU
		Release|Any CPU = Release|Any CPU
	EndGlobalSection
	GlobalSection(ProjectConfigurationPlatforms) = postSolution
		{6A8FEA71-CC0B-4394-A46A-E51273B006F0}.Debug|Any CPU.ActiveCfg = Debug|Any CPU
		{6A8FEA71-CC0B-4394-A46A-E51273B006F0}.Debug|Any CPU.Build.0 = Debug|Any CPU
		{6A8FEA71-CC0B-4394-A46A-E51273B006F0}.Release|Any CPU.ActiveCfg = Release|Any CPU
		{6A8FEA71-CC0B-4394-A46A-E51273B006F0}.Release|Any CPU.Build.0 = Release|Any CPU
		{CC3FC38D-BE53-4ABA-9FFC-BBA767716146}.Debug|Any CPU.ActiveCfg = Debug|Any CPU
		{CC3FC38D-BE53-4ABA-9FFC-BBA767716146}.Debug|Any CPU.Build.0 = Debug|Any CPU
		{CC3FC38D-BE53-4ABA-9FFC-BBA767716146}.Release|Any CPU.ActiveCfg = Release|Any CPU
		{CC3FC38D-BE53-4ABA-9FFC-BBA767716146}.Release|Any CPU.Build.0 = Release|Any CPU
		{4BCF56B3-142B-4A04-9321-8E27D90BC87A}.Debug|Any CPU.ActiveCfg = Debug|Any CPU
		{4BCF56B3-142B-4A04-9321-8E27D90BC87A}.Debug|Any CPU.Build.0 = Debug|Any CPU
		{4BCF56B3-142B-4A04-9321-8E27D90BC87A}.Release|Any CPU.ActiveCfg = Release|Any CPU
		{4BCF56B3-142B-4A04-9321-8E27D90BC87A}.Release|Any CPU.Build.0 = Release|Any CPU
	EndGlobalSection
	GlobalSection(SolutionProperties) = preSolution
		HideSolutionNode = FALSE
	EndGlobalSection
EndGlobal
